
Microsoft Visual Studio Solution File, Format Version 12.00
# Visual Studio Version 17
VisualStudioVersion = 17.6.33829.357
MinimumVisualStudioVersion = 10.0.40219.1
Project("{9A19103F-16F7-4668-BE54-9A1E7A4F7556}") = "TestingTesting123", "TestingTesting123.csproj", "{173AC542-CB95-48C1-B391-F561BA874394}"
EndProject
Global
	GlobalSection(SolutionConfigurationPlatforms) = preSolution
		Debug|Any CPU = Debug|Any CPU
		Release|Any CPU = Release|Any CPU
	EndGlobalSection
	GlobalSection(ProjectConfigurationPlatforms) = postSolution
		{173AC542-CB95-48C1-B391-F561BA874394}.Debug|Any CPU.ActiveCfg = Debug|Any CPU
		{173AC542-CB95-48C1-B391-F561BA874394}.Debug|Any CPU.Build.0 = Debug|Any CPU
		{173AC542-CB95-48C1-B391-F561BA874394}.Release|Any CPU.ActiveCfg = Release|Any CPU
		{173AC542-CB95-48C1-B391-F561BA874394}.Release|Any CPU.Build.0 = Release|Any CPU
	EndGlobalSection
	GlobalSection(SolutionProperties) = preSolution
		HideSolutionNode = FALSE
	EndGlobalSection
	GlobalSection(ExtensibilityGlobals) = postSolution
		SolutionGuid = {0A079399-F052-41D3-9809-4CA3BC74C089}
	EndGlobalSection
EndGlobal
